// !$*UTF8*$!
{
	archiveVersion = 1;
	classes = {
	};
	objectVersion = 50;
	objects = {

/* Begin PBXBuildFile section */
		8001EBA424489A82003445E7 /* RestaurantDetailViewController.swift in Sources */ = {isa = PBXBuildFile; fileRef = 8001EBA324489A82003445E7 /* RestaurantDetailViewController.swift */; };
		80020A8E24F7AE5500DB3721 /* WalkthroughContentViewController.swift in Sources */ = {isa = PBXBuildFile; fileRef = 80020A8D24F7AE5500DB3721 /* WalkthroughContentViewController.swift */; };
		80020A9024F7BDFA00DB3721 /* WalkthroughPageViewController.swift in Sources */ = {isa = PBXBuildFile; fileRef = 80020A8F24F7BDFA00DB3721 /* WalkthroughPageViewController.swift */; };
		801D0183244AF29000DDA055 /* Restaurant.swift in Sources */ = {isa = PBXBuildFile; fileRef = 801D0182244AF29000DDA055 /* Restaurant.swift */; };
		8039FADD24F2412400449271 /* FoodPin.xcdatamodeld in Sources */ = {isa = PBXBuildFile; fileRef = 8039FADB24F2412400449271 /* FoodPin.xcdatamodeld */; };
		8045D1AC24F7E80200D3C872 /* WalkthroughViewController.swift in Sources */ = {isa = PBXBuildFile; fileRef = 8045D1AB24F7E80200D3C872 /* WalkthroughViewController.swift */; };
		80780A2824E24CF5002A8518 /* RestaurantDetailHeaderView.swift in Sources */ = {isa = PBXBuildFile; fileRef = 80780A2724E24CF5002A8518 /* RestaurantDetailHeaderView.swift */; };
		80811F8524EBE4BD003D7BFA /* NewRestaurantController.swift in Sources */ = {isa = PBXBuildFile; fileRef = 80811F8424EBE4BD003D7BFA /* NewRestaurantController.swift */; };
		808D61CB24E93D3400F63C87 /* ReviewViewController.swift in Sources */ = {isa = PBXBuildFile; fileRef = 808D61CA24E93D3400F63C87 /* ReviewViewController.swift */; };
		80C3B59724F650F300BB9AAC /* Onboarding.storyboard in Resources */ = {isa = PBXBuildFile; fileRef = 80C3B59624F650F300BB9AAC /* Onboarding.storyboard */; };
		80C8570624E3E906001377BA /* RestaurantDetailIconTextCell.swift in Sources */ = {isa = PBXBuildFile; fileRef = 80C8570524E3E906001377BA /* RestaurantDetailIconTextCell.swift */; };
		80C92E2824E54129000271B0 /* MapKit.framework in Frameworks */ = {isa = PBXBuildFile; fileRef = 80C92E2724E54129000271B0 /* MapKit.framework */; };
		80C92E2A24E569AD000271B0 /* RestaurantDetailSeparatorCell.swift in Sources */ = {isa = PBXBuildFile; fileRef = 80C92E2924E569AD000271B0 /* RestaurantDetailSeparatorCell.swift */; };
		80C92E2C24E56BB6000271B0 /* RestaurantDetailMapCell.swift in Sources */ = {isa = PBXBuildFile; fileRef = 80C92E2B24E56BB6000271B0 /* RestaurantDetailMapCell.swift */; };
		80C92E2E24E57C6A000271B0 /* MapViewController.swift in Sources */ = {isa = PBXBuildFile; fileRef = 80C92E2D24E57C6A000271B0 /* MapViewController.swift */; };
		80D2B9BB24FD08C4000DBE18 /* About.storyboard in Resources */ = {isa = PBXBuildFile; fileRef = 80D2B9BA24FD08C4000DBE18 /* About.storyboard */; };
		80D2B9BD24FD0B6A000DBE18 /* Discover.storyboard in Resources */ = {isa = PBXBuildFile; fileRef = 80D2B9BC24FD0B6A000DBE18 /* Discover.storyboard */; };
		80D2B9BF24FD0B9F000DBE18 /* Favorites.storyboard in Resources */ = {isa = PBXBuildFile; fileRef = 80D2B9BE24FD0B9F000DBE18 /* Favorites.storyboard */; };
		80D2B9C124FD3038000DBE18 /* AboutTableViewController.swift in Sources */ = {isa = PBXBuildFile; fileRef = 80D2B9C024FD3038000DBE18 /* AboutTableViewController.swift */; };
		80DDC7F424EBC88C002DA41B /* RoundedTextField.swift in Sources */ = {isa = PBXBuildFile; fileRef = 80DDC7F324EBC88C002DA41B /* RoundedTextField.swift */; };
		80E94EEA243C28D3001DF25A /* AppDelegate.swift in Sources */ = {isa = PBXBuildFile; fileRef = 80E94EE9243C28D3001DF25A /* AppDelegate.swift */; };
		80E94EEC243C28D3001DF25A /* SceneDelegate.swift in Sources */ = {isa = PBXBuildFile; fileRef = 80E94EEB243C28D3001DF25A /* SceneDelegate.swift */; };
		80E94EF3243C28D3001DF25A /* Assets.xcassets in Resources */ = {isa = PBXBuildFile; fileRef = 80E94EF2243C28D3001DF25A /* Assets.xcassets */; };
		80E94EF6243C28D3001DF25A /* LaunchScreen.storyboard in Resources */ = {isa = PBXBuildFile; fileRef = 80E94EF4243C28D3001DF25A /* LaunchScreen.storyboard */; };
		80E94EFE243C29DD001DF25A /* Main.storyboard in Resources */ = {isa = PBXBuildFile; fileRef = 80E94EFD243C29DD001DF25A /* Main.storyboard */; };
		80E94F00243C2A5D001DF25A /* RestaurantTableViewController.swift in Sources */ = {isa = PBXBuildFile; fileRef = 80E94EFF243C2A5D001DF25A /* RestaurantTableViewController.swift */; };
		80E94F04243C5114001DF25A /* RestaurantTableViewCell.swift in Sources */ = {isa = PBXBuildFile; fileRef = 80E94F03243C5114001DF25A /* RestaurantTableViewCell.swift */; };
		80F7E8B524E3FC8600C8B5E7 /* RestaurantDetailTextCell.swift in Sources */ = {isa = PBXBuildFile; fileRef = 80F7E8B424E3FC8600C8B5E7 /* RestaurantDetailTextCell.swift */; };
		80F7E8B824E4033700C8B5E7 /* UIColor+Ext.swift in Sources */ = {isa = PBXBuildFile; fileRef = 80F7E8B724E4033700C8B5E7 /* UIColor+Ext.swift */; };
		80F7E8BA24E4043500C8B5E7 /* UINavigationController+Ext.swift in Sources */ = {isa = PBXBuildFile; fileRef = 80F7E8B924E4043500C8B5E7 /* UINavigationController+Ext.swift */; };
/* End PBXBuildFile section */

/* Begin PBXFileReference section */
		8001EBA324489A82003445E7 /* RestaurantDetailViewController.swift */ = {isa = PBXFileReference; lastKnownFileType = sourcecode.swift; path = RestaurantDetailViewController.swift; sourceTree = "<group>"; };
		80020A8D24F7AE5500DB3721 /* WalkthroughContentViewController.swift */ = {isa = PBXFileReference; lastKnownFileType = sourcecode.swift; path = WalkthroughContentViewController.swift; sourceTree = "<group>"; };
		80020A8F24F7BDFA00DB3721 /* WalkthroughPageViewController.swift */ = {isa = PBXFileReference; lastKnownFileType = sourcecode.swift; path = WalkthroughPageViewController.swift; sourceTree = "<group>"; };
		801D0182244AF29000DDA055 /* Restaurant.swift */ = {isa = PBXFileReference; lastKnownFileType = sourcecode.swift; path = Restaurant.swift; sourceTree = "<group>"; };
		8039FADC24F2412400449271 /* FoodPin.xcdatamodel */ = {isa = PBXFileReference; lastKnownFileType = wrapper.xcdatamodel; path = FoodPin.xcdatamodel; sourceTree = "<group>"; };
		8045D1AB24F7E80200D3C872 /* WalkthroughViewController.swift */ = {isa = PBXFileReference; lastKnownFileType = sourcecode.swift; path = WalkthroughViewController.swift; sourceTree = "<group>"; };
		80780A2724E24CF5002A8518 /* RestaurantDetailHeaderView.swift */ = {isa = PBXFileReference; lastKnownFileType = sourcecode.swift; path = RestaurantDetailHeaderView.swift; sourceTree = "<group>"; };
		80811F8424EBE4BD003D7BFA /* NewRestaurantController.swift */ = {isa = PBXFileReference; lastKnownFileType = sourcecode.swift; path = NewRestaurantController.swift; sourceTree = "<group>"; };
		808D61CA24E93D3400F63C87 /* ReviewViewController.swift */ = {isa = PBXFileReference; lastKnownFileType = sourcecode.swift; path = ReviewViewController.swift; sourceTree = "<group>"; };
		80C3B59624F650F300BB9AAC /* Onboarding.storyboard */ = {isa = PBXFileReference; lastKnownFileType = file.storyboard; path = Onboarding.storyboard; sourceTree = "<group>"; };
		80C8570524E3E906001377BA /* RestaurantDetailIconTextCell.swift */ = {isa = PBXFileReference; lastKnownFileType = sourcecode.swift; path = RestaurantDetailIconTextCell.swift; sourceTree = "<group>"; };
		80C92E2724E54129000271B0 /* MapKit.framework */ = {isa = PBXFileReference; lastKnownFileType = wrapper.framework; name = MapKit.framework; path = System/Library/Frameworks/MapKit.framework; sourceTree = SDKROOT; };
		80C92E2924E569AD000271B0 /* RestaurantDetailSeparatorCell.swift */ = {isa = PBXFileReference; lastKnownFileType = sourcecode.swift; path = RestaurantDetailSeparatorCell.swift; sourceTree = "<group>"; };
		80C92E2B24E56BB6000271B0 /* RestaurantDetailMapCell.swift */ = {isa = PBXFileReference; lastKnownFileType = sourcecode.swift; path = RestaurantDetailMapCell.swift; sourceTree = "<group>"; };
		80C92E2D24E57C6A000271B0 /* MapViewController.swift */ = {isa = PBXFileReference; lastKnownFileType = sourcecode.swift; path = MapViewController.swift; sourceTree = "<group>"; };
		80D2B9BA24FD08C4000DBE18 /* About.storyboard */ = {isa = PBXFileReference; fileEncoding = 4; lastKnownFileType = file.storyboard; path = About.storyboard; sourceTree = "<group>"; };
		80D2B9BC24FD0B6A000DBE18 /* Discover.storyboard */ = {isa = PBXFileReference; fileEncoding = 4; lastKnownFileType = file.storyboard; path = Discover.storyboard; sourceTree = "<group>"; };
		80D2B9BE24FD0B9F000DBE18 /* Favorites.storyboard */ = {isa = PBXFileReference; fileEncoding = 4; lastKnownFileType = file.storyboard; path = Favorites.storyboard; sourceTree = "<group>"; };
		80D2B9C024FD3038000DBE18 /* AboutTableViewController.swift */ = {isa = PBXFileReference; lastKnownFileType = sourcecode.swift; path = AboutTableViewController.swift; sourceTree = "<group>"; };
		80DDC7F324EBC88C002DA41B /* RoundedTextField.swift */ = {isa = PBXFileReference; lastKnownFileType = sourcecode.swift; path = RoundedTextField.swift; sourceTree = "<group>"; };
		80E94EE6243C28D3001DF25A /* FoodPin.app */ = {isa = PBXFileReference; explicitFileType = wrapper.application; includeInIndex = 0; path = FoodPin.app; sourceTree = BUILT_PRODUCTS_DIR; };
		80E94EE9243C28D3001DF25A /* AppDelegate.swift */ = {isa = PBXFileReference; lastKnownFileType = sourcecode.swift; path = AppDelegate.swift; sourceTree = "<group>"; };
		80E94EEB243C28D3001DF25A /* SceneDelegate.swift */ = {isa = PBXFileReference; lastKnownFileType = sourcecode.swift; path = SceneDelegate.swift; sourceTree = "<group>"; };
		80E94EF2243C28D3001DF25A /* Assets.xcassets */ = {isa = PBXFileReference; lastKnownFileType = folder.assetcatalog; path = Assets.xcassets; sourceTree = "<group>"; };
		80E94EF5243C28D3001DF25A /* Base */ = {isa = PBXFileReference; lastKnownFileType = file.storyboard; name = Base; path = Base.lproj/LaunchScreen.storyboard; sourceTree = "<group>"; };
		80E94EF7243C28D3001DF25A /* Info.plist */ = {isa = PBXFileReference; lastKnownFileType = text.plist.xml; path = Info.plist; sourceTree = "<group>"; };
		80E94EFD243C29DD001DF25A /* Main.storyboard */ = {isa = PBXFileReference; lastKnownFileType = file.storyboard; path = Main.storyboard; sourceTree = "<group>"; };
		80E94EFF243C2A5D001DF25A /* RestaurantTableViewController.swift */ = {isa = PBXFileReference; lastKnownFileType = sourcecode.swift; path = RestaurantTableViewController.swift; sourceTree = "<group>"; };
		80E94F03243C5114001DF25A /* RestaurantTableViewCell.swift */ = {isa = PBXFileReference; lastKnownFileType = sourcecode.swift; path = RestaurantTableViewCell.swift; sourceTree = "<group>"; };
		80F7E8B424E3FC8600C8B5E7 /* RestaurantDetailTextCell.swift */ = {isa = PBXFileReference; lastKnownFileType = sourcecode.swift; path = RestaurantDetailTextCell.swift; sourceTree = "<group>"; };
		80F7E8B724E4033700C8B5E7 /* UIColor+Ext.swift */ = {isa = PBXFileReference; lastKnownFileType = sourcecode.swift; path = "UIColor+Ext.swift"; sourceTree = "<group>"; };
		80F7E8B924E4043500C8B5E7 /* UINavigationController+Ext.swift */ = {isa = PBXFileReference; lastKnownFileType = sourcecode.swift; path = "UINavigationController+Ext.swift"; sourceTree = "<group>"; };
/* End PBXFileReference section */

/* Begin PBXFrameworksBuildPhase section */
		80E94EE3243C28D3001DF25A /* Frameworks */ = {
			isa = PBXFrameworksBuildPhase;
			buildActionMask = 2147483647;
			files = (
				80C92E2824E54129000271B0 /* MapKit.framework in Frameworks */,
			);
			runOnlyForDeploymentPostprocessing = 0;
		};
/* End PBXFrameworksBuildPhase section */

/* Begin PBXGroup section */
		808F971A24E12E1F0030EB8E /* Storyboard */ = {
			isa = PBXGroup;
			children = (
				80E94EFD243C29DD001DF25A /* Main.storyboard */,
				80D2B9BE24FD0B9F000DBE18 /* Favorites.storyboard */,
				80D2B9BC24FD0B6A000DBE18 /* Discover.storyboard */,
				80D2B9BA24FD08C4000DBE18 /* About.storyboard */,
				80E94EF4243C28D3001DF25A /* LaunchScreen.storyboard */,
				80C3B59624F650F300BB9AAC /* Onboarding.storyboard */,
			);
			path = Storyboard;
			sourceTree = "<group>";
		};
		808F971B24E12E420030EB8E /* Model */ = {
			isa = PBXGroup;
			children = (
				801D0182244AF29000DDA055 /* Restaurant.swift */,
			);
			path = Model;
			sourceTree = "<group>";
		};
		808F971C24E12E5E0030EB8E /* View */ = {
			isa = PBXGroup;
			children = (
				80E94F03243C5114001DF25A /* RestaurantTableViewCell.swift */,
				80780A2724E24CF5002A8518 /* RestaurantDetailHeaderView.swift */,
				80C8570524E3E906001377BA /* RestaurantDetailIconTextCell.swift */,
				80F7E8B424E3FC8600C8B5E7 /* RestaurantDetailTextCell.swift */,
				80C92E2924E569AD000271B0 /* RestaurantDetailSeparatorCell.swift */,
				80C92E2B24E56BB6000271B0 /* RestaurantDetailMapCell.swift */,
				80DDC7F324EBC88C002DA41B /* RoundedTextField.swift */,
			);
			path = View;
			sourceTree = "<group>";
		};
		808F971D24E12E820030EB8E /* Controller */ = {
			isa = PBXGroup;
			children = (
				80E94EFF243C2A5D001DF25A /* RestaurantTableViewController.swift */,
				8001EBA324489A82003445E7 /* RestaurantDetailViewController.swift */,
				80C92E2D24E57C6A000271B0 /* MapViewController.swift */,
				808D61CA24E93D3400F63C87 /* ReviewViewController.swift */,
				80811F8424EBE4BD003D7BFA /* NewRestaurantController.swift */,
				80020A8D24F7AE5500DB3721 /* WalkthroughContentViewController.swift */,
				80020A8F24F7BDFA00DB3721 /* WalkthroughPageViewController.swift */,
				8045D1AB24F7E80200D3C872 /* WalkthroughViewController.swift */,
				80D2B9C024FD3038000DBE18 /* AboutTableViewController.swift */,
			);
			path = Controller;
			sourceTree = "<group>";
		};
		80C92E2624E54129000271B0 /* Frameworks */ = {
			isa = PBXGroup;
			children = (
				80C92E2724E54129000271B0 /* MapKit.framework */,
			);
			name = Frameworks;
			sourceTree = "<group>";
		};
		80E94EDD243C28D3001DF25A = {
			isa = PBXGroup;
			children = (
				80E94EE8243C28D3001DF25A /* FoodPin */,
				80E94EE7243C28D3001DF25A /* Products */,
				80C92E2624E54129000271B0 /* Frameworks */,
			);
			sourceTree = "<group>";
		};
		80E94EE7243C28D3001DF25A /* Products */ = {
			isa = PBXGroup;
			children = (
				80E94EE6243C28D3001DF25A /* FoodPin.app */,
			);
			name = Products;
			sourceTree = "<group>";
		};
		80E94EE8243C28D3001DF25A /* FoodPin */ = {
			isa = PBXGroup;
			children = (
				80F7E8B624E4030D00C8B5E7 /* Extension */,
				808F971A24E12E1F0030EB8E /* Storyboard */,
				808F971B24E12E420030EB8E /* Model */,
				808F971C24E12E5E0030EB8E /* View */,
				808F971D24E12E820030EB8E /* Controller */,
				80E94EF2243C28D3001DF25A /* Assets.xcassets */,
				80E94EE9243C28D3001DF25A /* AppDelegate.swift */,
				80E94EEB243C28D3001DF25A /* SceneDelegate.swift */,
				80E94EF7243C28D3001DF25A /* Info.plist */,
				8039FADB24F2412400449271 /* FoodPin.xcdatamodeld */,
			);
			path = FoodPin;
			sourceTree = "<group>";
		};
		80F7E8B624E4030D00C8B5E7 /* Extension */ = {
			isa = PBXGroup;
			children = (
				80F7E8B724E4033700C8B5E7 /* UIColor+Ext.swift */,
				80F7E8B924E4043500C8B5E7 /* UINavigationController+Ext.swift */,
			);
			path = Extension;
			sourceTree = "<group>";
		};
/* End PBXGroup section */

/* Begin PBXNativeTarget section */
		80E94EE5243C28D3001DF25A /* FoodPin */ = {
			isa = PBXNativeTarget;
			buildConfigurationList = 80E94EFA243C28D3001DF25A /* Build configuration list for PBXNativeTarget "FoodPin" */;
			buildPhases = (
				80E94EE2243C28D3001DF25A /* Sources */,
				80E94EE3243C28D3001DF25A /* Frameworks */,
				80E94EE4243C28D3001DF25A /* Resources */,
			);
			buildRules = (
			);
			dependencies = (
			);
			name = FoodPin;
			productName = FoodPin;
			productReference = 80E94EE6243C28D3001DF25A /* FoodPin.app */;
			productType = "com.apple.product-type.application";
		};
/* End PBXNativeTarget section */

/* Begin PBXProject section */
		80E94EDE243C28D3001DF25A /* Project object */ = {
			isa = PBXProject;
			attributes = {
				LastSwiftUpdateCheck = 1140;
				LastUpgradeCheck = 1200;
				ORGANIZATIONNAME = Wangkuanchih;
				TargetAttributes = {
					80E94EE5243C28D3001DF25A = {
						CreatedOnToolsVersion = 11.4;
					};
				};
			};
			buildConfigurationList = 80E94EE1243C28D3001DF25A /* Build configuration list for PBXProject "FoodPin" */;
			compatibilityVersion = "Xcode 9.3";
			developmentRegion = en;
			hasScannedForEncodings = 0;
			knownRegions = (
				en,
				Base,
			);
			mainGroup = 80E94EDD243C28D3001DF25A;
			productRefGroup = 80E94EE7243C28D3001DF25A /* Products */;
			projectDirPath = "";
			projectRoot = "";
			targets = (
				80E94EE5243C28D3001DF25A /* FoodPin */,
			);
		};
/* End PBXProject section */

/* Begin PBXResourcesBuildPhase section */
		80E94EE4243C28D3001DF25A /* Resources */ = {
			isa = PBXResourcesBuildPhase;
			buildActionMask = 2147483647;
			files = (
				80E94EFE243C29DD001DF25A /* Main.storyboard in Resources */,
				80D2B9BB24FD08C4000DBE18 /* About.storyboard in Resources */,
				80E94EF6243C28D3001DF25A /* LaunchScreen.storyboard in Resources */,
				80E94EF3243C28D3001DF25A /* Assets.xcassets in Resources */,
				80D2B9BF24FD0B9F000DBE18 /* Favorites.storyboard in Resources */,
				80C3B59724F650F300BB9AAC /* Onboarding.storyboard in Resources */,
				80D2B9BD24FD0B6A000DBE18 /* Discover.storyboard in Resources */,
			);
			runOnlyForDeploymentPostprocessing = 0;
		};
/* End PBXResourcesBuildPhase section */

/* Begin PBXSourcesBuildPhase section */
		80E94EE2243C28D3001DF25A /* Sources */ = {
			isa = PBXSourcesBuildPhase;
			buildActionMask = 2147483647;
			files = (
				80F7E8BA24E4043500C8B5E7 /* UINavigationController+Ext.swift in Sources */,
				80E94F04243C5114001DF25A /* RestaurantTableViewCell.swift in Sources */,
				80020A9024F7BDFA00DB3721 /* WalkthroughPageViewController.swift in Sources */,
				80D2B9C124FD3038000DBE18 /* AboutTableViewController.swift in Sources */,
				80811F8524EBE4BD003D7BFA /* NewRestaurantController.swift in Sources */,
				808D61CB24E93D3400F63C87 /* ReviewViewController.swift in Sources */,
				80F7E8B524E3FC8600C8B5E7 /* RestaurantDetailTextCell.swift in Sources */,
				80E94EEA243C28D3001DF25A /* AppDelegate.swift in Sources */,
				801D0183244AF29000DDA055 /* Restaurant.swift in Sources */,
				80C8570624E3E906001377BA /* RestaurantDetailIconTextCell.swift in Sources */,
				80F7E8B824E4033700C8B5E7 /* UIColor+Ext.swift in Sources */,
				80C92E2A24E569AD000271B0 /* RestaurantDetailSeparatorCell.swift in Sources */,
				80C92E2C24E56BB6000271B0 /* RestaurantDetailMapCell.swift in Sources */,
				80780A2824E24CF5002A8518 /* RestaurantDetailHeaderView.swift in Sources */,
				80020A8E24F7AE5500DB3721 /* WalkthroughContentViewController.swift in Sources */,
				80DDC7F424EBC88C002DA41B /* RoundedTextField.swift in Sources */,
				8045D1AC24F7E80200D3C872 /* WalkthroughViewController.swift in Sources */,
				8001EBA424489A82003445E7 /* RestaurantDetailViewController.swift in Sources */,
				80E94EEC243C28D3001DF25A /* SceneDelegate.swift in Sources */,
				80E94F00243C2A5D001DF25A /* RestaurantTableViewController.swift in Sources */,
				80C92E2E24E57C6A000271B0 /* MapViewController.swift in Sources */,
				8039FADD24F2412400449271 /* FoodPin.xcdatamodeld in Sources */,
			);
			runOnlyForDeploymentPostprocessing = 0;
		};
/* End PBXSourcesBuildPhase section */

/* Begin PBXVariantGroup section */
		80E94EF4243C28D3001DF25A /* LaunchScreen.storyboard */ = {
			isa = PBXVariantGroup;
			children = (
				80E94EF5243C28D3001DF25A /* Base */,
			);
			name = LaunchScreen.storyboard;
			sourceTree = "<group>";
		};
/* End PBXVariantGroup section */

/* Begin XCBuildConfiguration section */
		80E94EF8243C28D3001DF25A /* Debug */ = {
			isa = XCBuildConfiguration;
			buildSettings = {
				ALWAYS_SEARCH_USER_PATHS = NO;
				CLANG_ANALYZER_NONNULL = YES;
				CLANG_ANALYZER_NUMBER_OBJECT_CONVERSION = YES_AGGRESSIVE;
				CLANG_CXX_LANGUAGE_STANDARD = "gnu++14";
				CLANG_CXX_LIBRARY = "libc++";
				CLANG_ENABLE_MODULES = YES;
				CLANG_ENABLE_OBJC_ARC = YES;
				CLANG_ENABLE_OBJC_WEAK = YES;
				CLANG_WARN_BLOCK_CAPTURE_AUTORELEASING = YES;
				CLANG_WARN_BOOL_CONVERSION = YES;
				CLANG_WARN_COMMA = YES;
				CLANG_WARN_CONSTANT_CONVERSION = YES;
				CLANG_WARN_DEPRECATED_OBJC_IMPLEMENTATIONS = YES;
				CLANG_WARN_DIRECT_OBJC_ISA_USAGE = YES_ERROR;
				CLANG_WARN_DOCUMENTATION_COMMENTS = YES;
				CLANG_WARN_EMPTY_BODY = YES;
				CLANG_WARN_ENUM_CONVERSION = YES;
				CLANG_WARN_INFINITE_RECURSION = YES;
				CLANG_WARN_INT_CONVERSION = YES;
				CLANG_WARN_NON_LITERAL_NULL_CONVERSION = YES;
				CLANG_WARN_OBJC_IMPLICIT_RETAIN_SELF = YES;
				CLANG_WARN_OBJC_LITERAL_CONVERSION = YES;
				CLANG_WARN_OBJC_ROOT_CLASS = YES_ERROR;
				CLANG_WARN_QUOTED_INCLUDE_IN_FRAMEWORK_HEADER = YES;
				CLANG_WARN_RANGE_LOOP_ANALYSIS = YES;
				CLANG_WARN_STRICT_PROTOTYPES = YES;
				CLANG_WARN_SUSPICIOUS_MOVE = YES;
				CLANG_WARN_UNGUARDED_AVAILABILITY = YES_AGGRESSIVE;
				CLANG_WARN_UNREACHABLE_CODE = YES;
				CLANG_WARN__DUPLICATE_METHOD_MATCH = YES;
				COPY_PHASE_STRIP = NO;
				DEBUG_INFORMATION_FORMAT = dwarf;
				ENABLE_STRICT_OBJC_MSGSEND = YES;
				ENABLE_TESTABILITY = YES;
				GCC_C_LANGUAGE_STANDARD = gnu11;
				GCC_DYNAMIC_NO_PIC = NO;
				GCC_NO_COMMON_BLOCKS = YES;
				GCC_OPTIMIZATION_LEVEL = 0;
				GCC_PREPROCESSOR_DEFINITIONS = (
					"DEBUG=1",
					"$(inherited)",
				);
				GCC_WARN_64_TO_32_BIT_CONVERSION = YES;
				GCC_WARN_ABOUT_RETURN_TYPE = YES_ERROR;
				GCC_WARN_UNDECLARED_SELECTOR = YES;
				GCC_WARN_UNINITIALIZED_AUTOS = YES_AGGRESSIVE;
				GCC_WARN_UNUSED_FUNCTION = YES;
				GCC_WARN_UNUSED_VARIABLE = YES;
				IPHONEOS_DEPLOYMENT_TARGET = 13.4;
				MTL_ENABLE_DEBUG_INFO = INCLUDE_SOURCE;
				MTL_FAST_MATH = YES;
				ONLY_ACTIVE_ARCH = YES;
				SDKROOT = iphoneos;
				SWIFT_ACTIVE_COMPILATION_CONDITIONS = DEBUG;
				SWIFT_OPTIMIZATION_LEVEL = "-Onone";
			};
			name = Debug;
		};
		80E94EF9243C28D3001DF25A /* Release */ = {
			isa = XCBuildConfiguration;
			buildSettings = {
				ALWAYS_SEARCH_USER_PATHS = NO;
				CLANG_ANALYZER_NONNULL = YES;
				CLANG_ANALYZER_NUMBER_OBJECT_CONVERSION = YES_AGGRESSIVE;
				CLANG_CXX_LANGUAGE_STANDARD = "gnu++14";
				CLANG_CXX_LIBRARY = "libc++";
				CLANG_ENABLE_MODULES = YES;
				CLANG_ENABLE_OBJC_ARC = YES;
				CLANG_ENABLE_OBJC_WEAK = YES;
				CLANG_WARN_BLOCK_CAPTURE_AUTORELEASING = YES;
				CLANG_WARN_BOOL_CONVERSION = YES;
				CLANG_WARN_COMMA = YES;
				CLANG_WARN_CONSTANT_CONVERSION = YES;
				CLANG_WARN_DEPRECATED_OBJC_IMPLEMENTATIONS = YES;
				CLANG_WARN_DIRECT_OBJC_ISA_USAGE = YES_ERROR;
				CLANG_WARN_DOCUMENTATION_COMMENTS = YES;
				CLANG_WARN_EMPTY_BODY = YES;
				CLANG_WARN_ENUM_CONVERSION = YES;
				CLANG_WARN_INFINITE_RECURSION = YES;
				CLANG_WARN_INT_CONVERSION = YES;
				CLANG_WARN_NON_LITERAL_NULL_CONVERSION = YES;
				CLANG_WARN_OBJC_IMPLICIT_RETAIN_SELF = YES;
				CLANG_WARN_OBJC_LITERAL_CONVERSION = YES;
				CLANG_WARN_OBJC_ROOT_CLASS = YES_ERROR;
				CLANG_WARN_QUOTED_INCLUDE_IN_FRAMEWORK_HEADER = YES;
				CLANG_WARN_RANGE_LOOP_ANALYSIS = YES;
				CLANG_WARN_STRICT_PROTOTYPES = YES;
				CLANG_WARN_SUSPICIOUS_MOVE = YES;
				CLANG_WARN_UNGUARDED_AVAILABILITY = YES_AGGRESSIVE;
				CLANG_WARN_UNREACHABLE_CODE = YES;
				CLANG_WARN__DUPLICATE_METHOD_MATCH = YES;
				COPY_PHASE_STRIP = NO;
				DEBUG_INFORMATION_FORMAT = "dwarf-with-dsym";
				ENABLE_NS_ASSERTIONS = NO;
				ENABLE_STRICT_OBJC_MSGSEND = YES;
				GCC_C_LANGUAGE_STANDARD = gnu11;
				GCC_NO_COMMON_BLOCKS = YES;
				GCC_WARN_64_TO_32_BIT_CONVERSION = YES;
				GCC_WARN_ABOUT_RETURN_TYPE = YES_ERROR;
				GCC_WARN_UNDECLARED_SELECTOR = YES;
				GCC_WARN_UNINITIALIZED_AUTOS = YES_AGGRESSIVE;
				GCC_WARN_UNUSED_FUNCTION = YES;
				GCC_WARN_UNUSED_VARIABLE = YES;
				IPHONEOS_DEPLOYMENT_TARGET = 13.4;
				MTL_ENABLE_DEBUG_INFO = NO;
				MTL_FAST_MATH = YES;
				SDKROOT = iphoneos;
				SWIFT_COMPILATION_MODE = wholemodule;
				SWIFT_OPTIMIZATION_LEVEL = "-O";
				VALIDATE_PRODUCT = YES;
			};
			name = Release;
		};
		80E94EFB243C28D3001DF25A /* Debug */ = {
			isa = XCBuildConfiguration;
			buildSettings = {
				ASSETCATALOG_COMPILER_APPICON_NAME = AppIcon;
				CODE_SIGN_STYLE = Automatic;
				DEVELOPMENT_TEAM = 78K3R74X59;
				INFOPLIST_FILE = FoodPin/Info.plist;
				LD_RUNPATH_SEARCH_PATHS = (
					"$(inherited)",
					"@executable_path/Frameworks",
				);
				PRODUCT_BUNDLE_IDENTIFIER = Kuan.FoodPin;
				PRODUCT_NAME = "$(TARGET_NAME)";
				SWIFT_VERSION = 5.0;
				TARGETED_DEVICE_FAMILY = "1,2";
			};
			name = Debug;
		};
		80E94EFC243C28D3001DF25A /* Release */ = {
			isa = XCBuildConfiguration;
			buildSettings = {
				ASSETCATALOG_COMPILER_APPICON_NAME = AppIcon;
				CODE_SIGN_STYLE = Automatic;
				DEVELOPMENT_TEAM = 78K3R74X59;
				INFOPLIST_FILE = FoodPin/Info.plist;
				LD_RUNPATH_SEARCH_PATHS = (
					"$(inherited)",
					"@executable_path/Frameworks",
				);
				PRODUCT_BUNDLE_IDENTIFIER = Kuan.FoodPin;
				PRODUCT_NAME = "$(TARGET_NAME)";
				SWIFT_VERSION = 5.0;
				TARGETED_DEVICE_FAMILY = "1,2";
			};
			name = Release;
		};
/* End XCBuildConfiguration section */

/* Begin XCConfigurationList section */
		80E94EE1243C28D3001DF25A /* Build configuration list for PBXProject "FoodPin" */ = {
			isa = XCConfigurationList;
			buildConfigurations = (
				80E94EF8243C28D3001DF25A /* Debug */,
				80E94EF9243C28D3001DF25A /* Release */,
			);
			defaultConfigurationIsVisible = 0;
			defaultConfigurationName = Release;
		};
		80E94EFA243C28D3001DF25A /* Build configuration list for PBXNativeTarget "FoodPin" */ = {
			isa = XCConfigurationList;
			buildConfigurations = (
				80E94EFB243C28D3001DF25A /* Debug */,
				80E94EFC243C28D3001DF25A /* Release */,
			);
			defaultConfigurationIsVisible = 0;
			defaultConfigurationName = Release;
		};
/* End XCConfigurationList section */

/* Begin XCVersionGroup section */
		8039FADB24F2412400449271 /* FoodPin.xcdatamodeld */ = {
			isa = XCVersionGroup;
			children = (
				8039FADC24F2412400449271 /* FoodPin.xcdatamodel */,
			);
			currentVersion = 8039FADC24F2412400449271 /* FoodPin.xcdatamodel */;
			path = FoodPin.xcdatamodeld;
			sourceTree = "<group>";
			versionGroupType = wrapper.xcdatamodel;
		};
/* End XCVersionGroup section */
	};
	rootObject = 80E94EDE243C28D3001DF25A /* Project object */;
}
